// !$*UTF8*$!
{
	archiveVersion = 1;
	classes = {
	};
	objectVersion = 56;
	objects = {

/* Begin PBXBuildFile section */
		5E79C4D4297A95F3003DFE8F /* AppDelegate.swift in Sources */ = {isa = PBXBuildFile; fileRef = 5E79C4D3297A95F3003DFE8F /* AppDelegate.swift */; };
		5E79C4DD297A95F5003DFE8F /* Assets.xcassets in Resources */ = {isa = PBXBuildFile; fileRef = 5E79C4DC297A95F5003DFE8F /* Assets.xcassets */; };
		5E79C4E0297A95F5003DFE8F /* LaunchScreen.storyboard in Resources */ = {isa = PBXBuildFile; fileRef = 5E79C4DE297A95F5003DFE8F /* LaunchScreen.storyboard */; };
		5E79C4F1297A9F58003DFE8F /* FoodModel.swift in Sources */ = {isa = PBXBuildFile; fileRef = 5E79C4F0297A9F58003DFE8F /* FoodModel.swift */; };
		5E79C4F4297A9F8F003DFE8F /* FoodListViewController.swift in Sources */ = {isa = PBXBuildFile; fileRef = 5E79C4F2297A9F8F003DFE8F /* FoodListViewController.swift */; };
		5E79C4F5297A9F8F003DFE8F /* FoodListViewController.xib in Resources */ = {isa = PBXBuildFile; fileRef = 5E79C4F3297A9F8F003DFE8F /* FoodListViewController.xib */; };
		5E79C4F8297A9FB4003DFE8F /* FoodListTableViewCell.swift in Sources */ = {isa = PBXBuildFile; fileRef = 5E79C4F6297A9FB4003DFE8F /* FoodListTableViewCell.swift */; };
		5E79C4F9297A9FB4003DFE8F /* FoodListTableViewCell.xib in Resources */ = {isa = PBXBuildFile; fileRef = 5E79C4F7297A9FB4003DFE8F /* FoodListTableViewCell.xib */; };
		5E79C4FB297A9FE1003DFE8F /* FoodListViewModel.swift in Sources */ = {isa = PBXBuildFile; fileRef = 5E79C4FA297A9FE1003DFE8F /* FoodListViewModel.swift */; };
		5E79C4FD297AB038003DFE8F /* UIImageView.swift in Sources */ = {isa = PBXBuildFile; fileRef = 5E79C4FC297AB038003DFE8F /* UIImageView.swift */; };
		5E79C502297AB1ED003DFE8F /* DetailFood.swift in Sources */ = {isa = PBXBuildFile; fileRef = 5E79C501297AB1ED003DFE8F /* DetailFood.swift */; };
		5E79C504297AB327003DFE8F /* DetailFoodViewModel.swift in Sources */ = {isa = PBXBuildFile; fileRef = 5E79C503297AB327003DFE8F /* DetailFoodViewModel.swift */; };
		5ECC02B4297AE2DC00705197 /* DetailFoodTableViewCell.swift in Sources */ = {isa = PBXBuildFile; fileRef = 5ECC02B2297AE2DC00705197 /* DetailFoodTableViewCell.swift */; };
		5ECC02B5297AE2DC00705197 /* DetailFoodTableViewCell.xib in Resources */ = {isa = PBXBuildFile; fileRef = 5ECC02B3297AE2DC00705197 /* DetailFoodTableViewCell.xib */; };
		5ECC02B8297AE31F00705197 /* DetailFoodViewController.swift in Sources */ = {isa = PBXBuildFile; fileRef = 5ECC02B6297AE31F00705197 /* DetailFoodViewController.swift */; };
		5ECC02B9297AE31F00705197 /* DetailFoodViewController.xib in Resources */ = {isa = PBXBuildFile; fileRef = 5ECC02B7297AE31F00705197 /* DetailFoodViewController.xib */; };
/* End PBXBuildFile section */

/* Begin PBXFileReference section */
		5E79C4D0297A95F3003DFE8F /* Foodies.app */ = {isa = PBXFileReference; explicitFileType = wrapper.application; includeInIndex = 0; path = Foodies.app; sourceTree = BUILT_PRODUCTS_DIR; };
		5E79C4D3297A95F3003DFE8F /* AppDelegate.swift */ = {isa = PBXFileReference; lastKnownFileType = sourcecode.swift; path = AppDelegate.swift; sourceTree = "<group>"; };
		5E79C4DC297A95F5003DFE8F /* Assets.xcassets */ = {isa = PBXFileReference; lastKnownFileType = folder.assetcatalog; path = Assets.xcassets; sourceTree = "<group>"; };
		5E79C4DF297A95F5003DFE8F /* Base */ = {isa = PBXFileReference; lastKnownFileType = file.storyboard; name = Base; path = Base.lproj/LaunchScreen.storyboard; sourceTree = "<group>"; };
		5E79C4E1297A95F5003DFE8F /* Info.plist */ = {isa = PBXFileReference; lastKnownFileType = text.plist.xml; path = Info.plist; sourceTree = "<group>"; };
		5E79C4F0297A9F58003DFE8F /* FoodModel.swift */ = {isa = PBXFileReference; lastKnownFileType = sourcecode.swift; path = FoodModel.swift; sourceTree = "<group>"; };
		5E79C4F2297A9F8F003DFE8F /* FoodListViewController.swift */ = {isa = PBXFileReference; lastKnownFileType = sourcecode.swift; path = FoodListViewController.swift; sourceTree = "<group>"; };
		5E79C4F3297A9F8F003DFE8F /* FoodListViewController.xib */ = {isa = PBXFileReference; lastKnownFileType = file.xib; path = FoodListViewController.xib; sourceTree = "<group>"; };
		5E79C4F6297A9FB4003DFE8F /* FoodListTableViewCell.swift */ = {isa = PBXFileReference; lastKnownFileType = sourcecode.swift; path = FoodListTableViewCell.swift; sourceTree = "<group>"; };
		5E79C4F7297A9FB4003DFE8F /* FoodListTableViewCell.xib */ = {isa = PBXFileReference; lastKnownFileType = file.xib; path = FoodListTableViewCell.xib; sourceTree = "<group>"; };
		5E79C4FA297A9FE1003DFE8F /* FoodListViewModel.swift */ = {isa = PBXFileReference; lastKnownFileType = sourcecode.swift; path = FoodListViewModel.swift; sourceTree = "<group>"; };
		5E79C4FC297AB038003DFE8F /* UIImageView.swift */ = {isa = PBXFileReference; lastKnownFileType = sourcecode.swift; path = UIImageView.swift; sourceTree = "<group>"; };
		5E79C501297AB1ED003DFE8F /* DetailFood.swift */ = {isa = PBXFileReference; lastKnownFileType = sourcecode.swift; path = DetailFood.swift; sourceTree = "<group>"; };
		5E79C503297AB327003DFE8F /* DetailFoodViewModel.swift */ = {isa = PBXFileReference; lastKnownFileType = sourcecode.swift; path = DetailFoodViewModel.swift; sourceTree = "<group>"; };
		5ECC02B2297AE2DC00705197 /* DetailFoodTableViewCell.swift */ = {isa = PBXFileReference; lastKnownFileType = sourcecode.swift; path = DetailFoodTableViewCell.swift; sourceTree = "<group>"; };
		5ECC02B3297AE2DC00705197 /* DetailFoodTableViewCell.xib */ = {isa = PBXFileReference; lastKnownFileType = file.xib; path = DetailFoodTableViewCell.xib; sourceTree = "<group>"; };
		5ECC02B6297AE31F00705197 /* DetailFoodViewController.swift */ = {isa = PBXFileReference; lastKnownFileType = sourcecode.swift; path = DetailFoodViewController.swift; sourceTree = "<group>"; };
		5ECC02B7297AE31F00705197 /* DetailFoodViewController.xib */ = {isa = PBXFileReference; lastKnownFileType = file.xib; path = DetailFoodViewController.xib; sourceTree = "<group>"; };
/* End PBXFileReference section */

/* Begin PBXFrameworksBuildPhase section */
		5E79C4CD297A95F3003DFE8F /* Frameworks */ = {
			isa = PBXFrameworksBuildPhase;
			buildActionMask = 2147483647;
			files = (
			);
			runOnlyForDeploymentPostprocessing = 0;
		};
/* End PBXFrameworksBuildPhase section */

/* Begin PBXGroup section */
		5E79C4C7297A95F3003DFE8F = {
			isa = PBXGroup;
			children = (
				5E79C4D2297A95F3003DFE8F /* Foodies */,
				5E79C4D1297A95F3003DFE8F /* Products */,
			);
			sourceTree = "<group>";
		};
		5E79C4D1297A95F3003DFE8F /* Products */ = {
			isa = PBXGroup;
			children = (
				5E79C4D0297A95F3003DFE8F /* Foodies.app */,
			);
			name = Products;
			sourceTree = "<group>";
		};
		5E79C4D2297A95F3003DFE8F /* Foodies */ = {
			isa = PBXGroup;
			children = (
				5E79C4E8297A9775003DFE8F /* Screens */,
				5E79C4E7297A9767003DFE8F /* Extensions */,
				5E79C4D3297A95F3003DFE8F /* AppDelegate.swift */,
				5E79C4DC297A95F5003DFE8F /* Assets.xcassets */,
				5E79C4DE297A95F5003DFE8F /* LaunchScreen.storyboard */,
				5E79C4E1297A95F5003DFE8F /* Info.plist */,
			);
			path = Foodies;
			sourceTree = "<group>";
		};
		5E79C4E7297A9767003DFE8F /* Extensions */ = {
			isa = PBXGroup;
			children = (
				5E79C4FC297AB038003DFE8F /* UIImageView.swift */,
			);
			path = Extensions;
			sourceTree = "<group>";
		};
		5E79C4E8297A9775003DFE8F /* Screens */ = {
			isa = PBXGroup;
			children = (
				5E79C4EB297A981D003DFE8F /* FoodsList */,
				5E79C4EA297A97FB003DFE8F /* DetailFood */,
			);
			path = Screens;
			sourceTree = "<group>";
		};
		5E79C4EA297A97FB003DFE8F /* DetailFood */ = {
			isa = PBXGroup;
			children = (
				5E79C4FE297AB192003DFE8F /* Model */,
				5E79C4FF297AB199003DFE8F /* View */,
				5E79C500297AB19D003DFE8F /* ViewModel */,
			);
			path = DetailFood;
			sourceTree = "<group>";
		};
		5E79C4EB297A981D003DFE8F /* FoodsList */ = {
			isa = PBXGroup;
			children = (
				5E79C4EC297A9839003DFE8F /* Model */,
				5E79C4ED297A9842003DFE8F /* View */,
				5E79C4EE297A9848003DFE8F /* ViewModel */,
			);
			path = FoodsList;
			sourceTree = "<group>";
		};
		5E79C4EC297A9839003DFE8F /* Model */ = {
			isa = PBXGroup;
			children = (
				5E79C4F0297A9F58003DFE8F /* FoodModel.swift */,
			);
			path = Model;
			sourceTree = "<group>";
		};
		5E79C4ED297A9842003DFE8F /* View */ = {
			isa = PBXGroup;
			children = (
				5E79C4EF297A9876003DFE8F /* Cell */,
				5E79C4F2297A9F8F003DFE8F /* FoodListViewController.swift */,
				5E79C4F3297A9F8F003DFE8F /* FoodListViewController.xib */,
			);
			path = View;
			sourceTree = "<group>";
		};
		5E79C4EE297A9848003DFE8F /* ViewModel */ = {
			isa = PBXGroup;
			children = (
				5E79C4FA297A9FE1003DFE8F /* FoodListViewModel.swift */,
			);
			path = ViewModel;
			sourceTree = "<group>";
		};
		5E79C4EF297A9876003DFE8F /* Cell */ = {
			isa = PBXGroup;
			children = (
				5E79C4F6297A9FB4003DFE8F /* FoodListTableViewCell.swift */,
				5E79C4F7297A9FB4003DFE8F /* FoodListTableViewCell.xib */,
			);
			path = Cell;
			sourceTree = "<group>";
		};
		5E79C4FE297AB192003DFE8F /* Model */ = {
			isa = PBXGroup;
			children = (
				5E79C501297AB1ED003DFE8F /* DetailFood.swift */,
			);
			path = Model;
			sourceTree = "<group>";
		};
		5E79C4FF297AB199003DFE8F /* View */ = {
			isa = PBXGroup;
			children = (
				5ECC02B1297AE22100705197 /* Cell */,
				5ECC02B6297AE31F00705197 /* DetailFoodViewController.swift */,
				5ECC02B7297AE31F00705197 /* DetailFoodViewController.xib */,
			);
			path = View;
			sourceTree = "<group>";
		};
		5E79C500297AB19D003DFE8F /* ViewModel */ = {
			isa = PBXGroup;
			children = (
				5E79C503297AB327003DFE8F /* DetailFoodViewModel.swift */,
			);
			path = ViewModel;
			sourceTree = "<group>";
		};
		5ECC02B1297AE22100705197 /* Cell */ = {
			isa = PBXGroup;
			children = (
				5ECC02B2297AE2DC00705197 /* DetailFoodTableViewCell.swift */,
				5ECC02B3297AE2DC00705197 /* DetailFoodTableViewCell.xib */,
			);
			path = Cell;
			sourceTree = "<group>";
		};
/* End PBXGroup section */

/* Begin PBXNativeTarget section */
		5E79C4CF297A95F3003DFE8F /* Foodies */ = {
			isa = PBXNativeTarget;
			buildConfigurationList = 5E79C4E4297A95F5003DFE8F /* Build configuration list for PBXNativeTarget "Foodies" */;
			buildPhases = (
				5E79C4CC297A95F3003DFE8F /* Sources */,
				5E79C4CD297A95F3003DFE8F /* Frameworks */,
				5E79C4CE297A95F3003DFE8F /* Resources */,
			);
			buildRules = (
			);
			dependencies = (
			);
			name = Foodies;
			productName = Foodies;
			productReference = 5E79C4D0297A95F3003DFE8F /* Foodies.app */;
			productType = "com.apple.product-type.application";
		};
/* End PBXNativeTarget section */

/* Begin PBXProject section */
		5E79C4C8297A95F3003DFE8F /* Project object */ = {
			isa = PBXProject;
			attributes = {
				BuildIndependentTargetsInParallel = 1;
				LastSwiftUpdateCheck = 1410;
				LastUpgradeCheck = 1410;
				TargetAttributes = {
					5E79C4CF297A95F3003DFE8F = {
						CreatedOnToolsVersion = 14.1;
					};
				};
			};
			buildConfigurationList = 5E79C4CB297A95F3003DFE8F /* Build configuration list for PBXProject "Foodies" */;
			compatibilityVersion = "Xcode 14.0";
			developmentRegion = en;
			hasScannedForEncodings = 0;
			knownRegions = (
				en,
				Base,
			);
			mainGroup = 5E79C4C7297A95F3003DFE8F;
			productRefGroup = 5E79C4D1297A95F3003DFE8F /* Products */;
			projectDirPath = "";
			projectRoot = "";
			targets = (
				5E79C4CF297A95F3003DFE8F /* Foodies */,
			);
		};
/* End PBXProject section */

/* Begin PBXResourcesBuildPhase section */
		5E79C4CE297A95F3003DFE8F /* Resources */ = {
			isa = PBXResourcesBuildPhase;
			buildActionMask = 2147483647;
			files = (
				5E79C4E0297A95F5003DFE8F /* LaunchScreen.storyboard in Resources */,
				5E79C4F9297A9FB4003DFE8F /* FoodListTableViewCell.xib in Resources */,
				5ECC02B5297AE2DC00705197 /* DetailFoodTableViewCell.xib in Resources */,
				5ECC02B9297AE31F00705197 /* DetailFoodViewController.xib in Resources */,
				5E79C4F5297A9F8F003DFE8F /* FoodListViewController.xib in Resources */,
				5E79C4DD297A95F5003DFE8F /* Assets.xcassets in Resources */,
			);
			runOnlyForDeploymentPostprocessing = 0;
		};
/* End PBXResourcesBuildPhase section */

/* Begin PBXSourcesBuildPhase section */
		5E79C4CC297A95F3003DFE8F /* Sources */ = {
			isa = PBXSourcesBuildPhase;
			buildActionMask = 2147483647;
			files = (
				5E79C4F1297A9F58003DFE8F /* FoodModel.swift in Sources */,
				5E79C4FB297A9FE1003DFE8F /* FoodListViewModel.swift in Sources */,
				5E79C4F4297A9F8F003DFE8F /* FoodListViewController.swift in Sources */,
				5E79C504297AB327003DFE8F /* DetailFoodViewModel.swift in Sources */,
				5ECC02B4297AE2DC00705197 /* DetailFoodTableViewCell.swift in Sources */,
				5ECC02B8297AE31F00705197 /* DetailFoodViewController.swift in Sources */,
				5E79C4F8297A9FB4003DFE8F /* FoodListTableViewCell.swift in Sources */,
				5E79C502297AB1ED003DFE8F /* DetailFood.swift in Sources */,
				5E79C4FD297AB038003DFE8F /* UIImageView.swift in Sources */,
				5E79C4D4297A95F3003DFE8F /* AppDelegate.swift in Sources */,
			);
			runOnlyForDeploymentPostprocessing = 0;
		};
/* End PBXSourcesBuildPhase section */

/* Begin PBXVariantGroup section */
		5E79C4DE297A95F5003DFE8F /* LaunchScreen.storyboard */ = {
			isa = PBXVariantGroup;
			children = (
				5E79C4DF297A95F5003DFE8F /* Base */,
			);
			name = LaunchScreen.storyboard;
			sourceTree = "<group>";
		};
/* End PBXVariantGroup section */

/* Begin XCBuildConfiguration section */
		5E79C4E2297A95F5003DFE8F /* Debug */ = {
			isa = XCBuildConfiguration;
			buildSettings = {
				ALWAYS_SEARCH_USER_PATHS = NO;
				CLANG_ANALYZER_NONNULL = YES;
				CLANG_ANALYZER_NUMBER_OBJECT_CONVERSION = YES_AGGRESSIVE;
				CLANG_CXX_LANGUAGE_STANDARD = "gnu++20";
				CLANG_ENABLE_MODULES = YES;
				CLANG_ENABLE_OBJC_ARC = YES;
				CLANG_ENABLE_OBJC_WEAK = YES;
				CLANG_WARN_BLOCK_CAPTURE_AUTORELEASING = YES;
				CLANG_WARN_BOOL_CONVERSION = YES;
				CLANG_WARN_COMMA = YES;
				CLANG_WARN_CONSTANT_CONVERSION = YES;
				CLANG_WARN_DEPRECATED_OBJC_IMPLEMENTATIONS = YES;
				CLANG_WARN_DIRECT_OBJC_ISA_USAGE = YES_ERROR;
				CLANG_WARN_DOCUMENTATION_COMMENTS = YES;
				CLANG_WARN_EMPTY_BODY = YES;
				CLANG_WARN_ENUM_CONVERSION = YES;
				CLANG_WARN_INFINITE_RECURSION = YES;
				CLANG_WARN_INT_CONVERSION = YES;
				CLANG_WARN_NON_LITERAL_NULL_CONVERSION = YES;
				CLANG_WARN_OBJC_IMPLICIT_RETAIN_SELF = YES;
				CLANG_WARN_OBJC_LITERAL_CONVERSION = YES;
				CLANG_WARN_OBJC_ROOT_CLASS = YES_ERROR;
				CLANG_WARN_QUOTED_INCLUDE_IN_FRAMEWORK_HEADER = YES;
				CLANG_WARN_RANGE_LOOP_ANALYSIS = YES;
				CLANG_WARN_STRICT_PROTOTYPES = YES;
				CLANG_WARN_SUSPICIOUS_MOVE = YES;
				CLANG_WARN_UNGUARDED_AVAILABILITY = YES_AGGRESSIVE;
				CLANG_WARN_UNREACHABLE_CODE = YES;
				CLANG_WARN__DUPLICATE_METHOD_MATCH = YES;
				COPY_PHASE_STRIP = NO;
				DEBUG_INFORMATION_FORMAT = dwarf;
				ENABLE_STRICT_OBJC_MSGSEND = YES;
				ENABLE_TESTABILITY = YES;
				GCC_C_LANGUAGE_STANDARD = gnu11;
				GCC_DYNAMIC_NO_PIC = NO;
				GCC_NO_COMMON_BLOCKS = YES;
				GCC_OPTIMIZATION_LEVEL = 0;
				GCC_PREPROCESSOR_DEFINITIONS = (
					"DEBUG=1",
					"$(inherited)",
				);
				GCC_WARN_64_TO_32_BIT_CONVERSION = YES;
				GCC_WARN_ABOUT_RETURN_TYPE = YES_ERROR;
				GCC_WARN_UNDECLARED_SELECTOR = YES;
				GCC_WARN_UNINITIALIZED_AUTOS = YES_AGGRESSIVE;
				GCC_WARN_UNUSED_FUNCTION = YES;
				GCC_WARN_UNUSED_VARIABLE = YES;
				IPHONEOS_DEPLOYMENT_TARGET = 16.1;
				MTL_ENABLE_DEBUG_INFO = INCLUDE_SOURCE;
				MTL_FAST_MATH = YES;
				ONLY_ACTIVE_ARCH = YES;
				SDKROOT = iphoneos;
				SWIFT_ACTIVE_COMPILATION_CONDITIONS = DEBUG;
				SWIFT_OPTIMIZATION_LEVEL = "-Onone";
			};
			name = Debug;
		};
		5E79C4E3297A95F5003DFE8F /* Release */ = {
			isa = XCBuildConfiguration;
			buildSettings = {
				ALWAYS_SEARCH_USER_PATHS = NO;
				CLANG_ANALYZER_NONNULL = YES;
				CLANG_ANALYZER_NUMBER_OBJECT_CONVERSION = YES_AGGRESSIVE;
				CLANG_CXX_LANGUAGE_STANDARD = "gnu++20";
				CLANG_ENABLE_MODULES = YES;
				CLANG_ENABLE_OBJC_ARC = YES;
				CLANG_ENABLE_OBJC_WEAK = YES;
				CLANG_WARN_BLOCK_CAPTURE_AUTORELEASING = YES;
				CLANG_WARN_BOOL_CONVERSION = YES;
				CLANG_WARN_COMMA = YES;
				CLANG_WARN_CONSTANT_CONVERSION = YES;
				CLANG_WARN_DEPRECATED_OBJC_IMPLEMENTATIONS = YES;
				CLANG_WARN_DIRECT_OBJC_ISA_USAGE = YES_ERROR;
				CLANG_WARN_DOCUMENTATION_COMMENTS = YES;
				CLANG_WARN_EMPTY_BODY = YES;
				CLANG_WARN_ENUM_CONVERSION = YES;
				CLANG_WARN_INFINITE_RECURSION = YES;
				CLANG_WARN_INT_CONVERSION = YES;
				CLANG_WARN_NON_LITERAL_NULL_CONVERSION = YES;
				CLANG_WARN_OBJC_IMPLICIT_RETAIN_SELF = YES;
				CLANG_WARN_OBJC_LITERAL_CONVERSION = YES;
				CLANG_WARN_OBJC_ROOT_CLASS = YES_ERROR;
				CLANG_WARN_QUOTED_INCLUDE_IN_FRAMEWORK_HEADER = YES;
				CLANG_WARN_RANGE_LOOP_ANALYSIS = YES;
				CLANG_WARN_STRICT_PROTOTYPES = YES;
				CLANG_WARN_SUSPICIOUS_MOVE = YES;
				CLANG_WARN_UNGUARDED_AVAILABILITY = YES_AGGRESSIVE;
				CLANG_WARN_UNREACHABLE_CODE = YES;
				CLANG_WARN__DUPLICATE_METHOD_MATCH = YES;
				COPY_PHASE_STRIP = NO;
				DEBUG_INFORMATION_FORMAT = "dwarf-with-dsym";
				ENABLE_NS_ASSERTIONS = NO;
				ENABLE_STRICT_OBJC_MSGSEND = YES;
				GCC_C_LANGUAGE_STANDARD = gnu11;
				GCC_NO_COMMON_BLOCKS = YES;
				GCC_WARN_64_TO_32_BIT_CONVERSION = YES;
				GCC_WARN_ABOUT_RETURN_TYPE = YES_ERROR;
				GCC_WARN_UNDECLARED_SELECTOR = YES;
				GCC_WARN_UNINITIALIZED_AUTOS = YES_AGGRESSIVE;
				GCC_WARN_UNUSED_FUNCTION = YES;
				GCC_WARN_UNUSED_VARIABLE = YES;
				IPHONEOS_DEPLOYMENT_TARGET = 16.1;
				MTL_ENABLE_DEBUG_INFO = NO;
				MTL_FAST_MATH = YES;
				SDKROOT = iphoneos;
				SWIFT_COMPILATION_MODE = wholemodule;
				SWIFT_OPTIMIZATION_LEVEL = "-O";
				VALIDATE_PRODUCT = YES;
			};
			name = Release;
		};
		5E79C4E5297A95F5003DFE8F /* Debug */ = {
			isa = XCBuildConfiguration;
			buildSettings = {
				ASSETCATALOG_COMPILER_APPICON_NAME = AppIcon;
				ASSETCATALOG_COMPILER_GLOBAL_ACCENT_COLOR_NAME = AccentColor;
				CODE_SIGN_STYLE = Automatic;
				CURRENT_PROJECT_VERSION = 1;
				DEVELOPMENT_TEAM = ZWQ368LVC2;
				GENERATE_INFOPLIST_FILE = YES;
				INFOPLIST_FILE = Foodies/Info.plist;
				INFOPLIST_KEY_UIApplicationSupportsIndirectInputEvents = YES;
				INFOPLIST_KEY_UILaunchStoryboardName = FoodListViewController.xib;
				INFOPLIST_KEY_UISupportedInterfaceOrientations_iPad = "UIInterfaceOrientationPortrait UIInterfaceOrientationPortraitUpsideDown UIInterfaceOrientationLandscapeLeft UIInterfaceOrientationLandscapeRight";
				INFOPLIST_KEY_UISupportedInterfaceOrientations_iPhone = "UIInterfaceOrientationPortrait UIInterfaceOrientationLandscapeLeft UIInterfaceOrientationLandscapeRight";
				IPHONEOS_DEPLOYMENT_TARGET = 13.0;
				LD_RUNPATH_SEARCH_PATHS = (
					"$(inherited)",
					"@executable_path/Frameworks",
				);
				MARKETING_VERSION = 1.0;
				PRODUCT_BUNDLE_IDENTIFIER = com.andirayunita.Foodies;
				PRODUCT_NAME = "$(TARGET_NAME)";
				SWIFT_EMIT_LOC_STRINGS = YES;
				SWIFT_VERSION = 5.0;
				TARGETED_DEVICE_FAMILY = "1,2";
			};
			name = Debug;
		};
		5E79C4E6297A95F5003DFE8F /* Release */ = {
			isa = XCBuildConfiguration;
			buildSettings = {
				ASSETCATALOG_COMPILER_APPICON_NAME = AppIcon;
				ASSETCATALOG_COMPILER_GLOBAL_ACCENT_COLOR_NAME = AccentColor;
				CODE_SIGN_STYLE = Automatic;
				CURRENT_PROJECT_VERSION = 1;
				DEVELOPMENT_TEAM = ZWQ368LVC2;
				GENERATE_INFOPLIST_FILE = YES;
				INFOPLIST_FILE = Foodies/Info.plist;
				INFOPLIST_KEY_UIApplicationSupportsIndirectInputEvents = YES;
				INFOPLIST_KEY_UILaunchStoryboardName = FoodListViewController.xib;
				INFOPLIST_KEY_UISupportedInterfaceOrientations_iPad = "UIInterfaceOrientationPortrait UIInterfaceOrientationPortraitUpsideDown UIInterfaceOrientationLandscapeLeft UIInterfaceOrientationLandscapeRight";
				INFOPLIST_KEY_UISupportedInterfaceOrientations_iPhone = "UIInterfaceOrientationPortrait UIInterfaceOrientationLandscapeLeft UIInterfaceOrientationLandscapeRight";
				IPHONEOS_DEPLOYMENT_TARGET = 13.0;
				LD_RUNPATH_SEARCH_PATHS = (
					"$(inherited)",
					"@executable_path/Frameworks",
				);
				MARKETING_VERSION = 1.0;
				PRODUCT_BUNDLE_IDENTIFIER = com.andirayunita.Foodies;
				PRODUCT_NAME = "$(TARGET_NAME)";
				SWIFT_EMIT_LOC_STRINGS = YES;
				SWIFT_VERSION = 5.0;
				TARGETED_DEVICE_FAMILY = "1,2";
			};
			name = Release;
		};
/* End XCBuildConfiguration section */

/* Begin XCConfigurationList section */
		5E79C4CB297A95F3003DFE8F /* Build configuration list for PBXProject "Foodies" */ = {
			isa = XCConfigurationList;
			buildConfigurations = (
				5E79C4E2297A95F5003DFE8F /* Debug */,
				5E79C4E3297A95F5003DFE8F /* Release */,
			);
			defaultConfigurationIsVisible = 0;
			defaultConfigurationName = Release;
		};
		5E79C4E4297A95F5003DFE8F /* Build configuration list for PBXNativeTarget "Foodies" */ = {
			isa = XCConfigurationList;
			buildConfigurations = (
				5E79C4E5297A95F5003DFE8F /* Debug */,
				5E79C4E6297A95F5003DFE8F /* Release */,
			);
			defaultConfigurationIsVisible = 0;
			defaultConfigurationName = Release;
		};
/* End XCConfigurationList section */
	};
	rootObject = 5E79C4C8297A95F3003DFE8F /* Project object */;
}
